
Microsoft Visual Studio Solution File, Format Version 12.00
# Visual Studio Version 17
VisualStudioVersion = 17.3.32825.248
MinimumVisualStudioVersion = 10.0.40219.1
Project("{9A19103F-16F7-4668-BE54-9A1E7A4F7556}") = "TraversalCoreProje", "TraversalCoreProje\TraversalCoreProje.csproj", "{AE332E91-6587-4FF3-80E0-842A649AA57E}"
EndProject
Project("{9A19103F-16F7-4668-BE54-9A1E7A4F7556}") = "EntityLayer", "EntityLayer\EntityLayer.csproj", "{88848240-49DB-4FED-A698-1FBD518D5CF1}"
EndProject
Project("{9A19103F-16F7-4668-BE54-9A1E7A4F7556}") = "DataAccessLayer", "DataAccessLayer\DataAccessLayer.csproj", "{86A760E9-2A5D-4330-B22B-CE5ABA8D2A53}"
EndProject
Project("{9A19103F-16F7-4668-BE54-9A1E7A4F7556}") = "BusinessLayer", "BusinessLayer\BusinessLayer.csproj", "{4106C9A0-EC5A-44B2-8025-0B888225F771}"
EndProject
Project("{9A19103F-16F7-4668-BE54-9A1E7A4F7556}") = "DTOLayer", "DTOLayer\DTOLayer.csproj", "{6DD421AC-E1C2-4DEB-B297-169DB82FCAFA}"
EndProject
Project("{FAE04EC0-301F-11D3-BF4B-00C04F79EFBC}") = "SignalRApi", "SignalRApi\SignalRApi.csproj", "{49E85D6B-9FF3-45C5-B95C-263C6B3EC03B}"
EndProject
Global
	GlobalSection(SolutionConfigurationPlatforms) = preSolution
		Debug|Any CPU = Debug|Any CPU
		Release|Any CPU = Release|Any CPU
	EndGlobalSection
	GlobalSection(ProjectConfigurationPlatforms) = postSolution
		{AE332E91-6587-4FF3-80E0-842A649AA57E}.Debug|Any CPU.ActiveCfg = Debug|Any CPU
		{AE332E91-6587-4FF3-80E0-842A649AA57E}.Debug|Any CPU.Build.0 = Debug|Any CPU
		{AE332E91-6587-4FF3-80E0-842A649AA57E}.Release|Any CPU.ActiveCfg = Release|Any CPU
		{AE332E91-6587-4FF3-80E0-842A649AA57E}.Release|Any CPU.Build.0 = Release|Any CPU
		{88848240-49DB-4FED-A698-1FBD518D5CF1}.Debug|Any CPU.ActiveCfg = Debug|Any CPU
		{88848240-49DB-4FED-A698-1FBD518D5CF1}.Debug|Any CPU.Build.0 = Debug|Any CPU
		{88848240-49DB-4FED-A698-1FBD518D5CF1}.Release|Any CPU.ActiveCfg = Release|Any CPU
		{88848240-49DB-4FED-A698-1FBD518D5CF1}.Release|Any CPU.Build.0 = Release|Any CPU
		{86A760E9-2A5D-4330-B22B-CE5ABA8D2A53}.Debug|Any CPU.ActiveCfg = Debug|Any CPU
		{86A760E9-2A5D-4330-B22B-CE5ABA8D2A53}.Debug|Any CPU.Build.0 = Debug|Any CPU
		{86A760E9-2A5D-4330-B22B-CE5ABA8D2A53}.Release|Any CPU.ActiveCfg = Release|Any CPU
		{86A760E9-2A5D-4330-B22B-CE5ABA8D2A53}.Release|Any CPU.Build.0 = Release|Any CPU
		{4106C9A0-EC5A-44B2-8025-0B888225F771}.Debug|Any CPU.ActiveCfg = Debug|Any CPU
		{4106C9A0-EC5A-44B2-8025-0B888225F771}.Debug|Any CPU.Build.0 = Debug|Any CPU
		{4106C9A0-EC5A-44B2-8025-0B888225F771}.Release|Any CPU.ActiveCfg = Release|Any CPU
		{4106C9A0-EC5A-44B2-8025-0B888225F771}.Release|Any CPU.Build.0 = Release|Any CPU
		{6DD421AC-E1C2-4DEB-B297-169DB82FCAFA}.Debug|Any CPU.ActiveCfg = Debug|Any CPU
		{6DD421AC-E1C2-4DEB-B297-169DB82FCAFA}.Debug|Any CPU.Build.0 = Debug|Any CPU
		{6DD421AC-E1C2-4DEB-B297-169DB82FCAFA}.Release|Any CPU.ActiveCfg = Release|Any CPU
		{6DD421AC-E1C2-4DEB-B297-169DB82FCAFA}.Release|Any CPU.Build.0 = Release|Any CPU
		{49E85D6B-9FF3-45C5-B95C-263C6B3EC03B}.Debug|Any CPU.ActiveCfg = Debug|Any CPU
		{49E85D6B-9FF3-45C5-B95C-263C6B3EC03B}.Debug|Any CPU.Build.0 = Debug|Any CPU
		{49E85D6B-9FF3-45C5-B95C-263C6B3EC03B}.Release|Any CPU.ActiveCfg = Release|Any CPU
		{49E85D6B-9FF3-45C5-B95C-263C6B3EC03B}.Release|Any CPU.Build.0 = Release|Any CPU
	EndGlobalSection
	GlobalSection(SolutionProperties) = preSolution
		HideSolutionNode = FALSE
	EndGlobalSection
	GlobalSection(ExtensibilityGlobals) = postSolution
		SolutionGuid = {0A302E92-AE8A-45AB-8027-066D96C1EB5E}
	EndGlobalSection
EndGlobal
